
Microsoft Visual Studio Solution File, Format Version 12.00
# Visual Studio 15
VisualStudioVersion = 15.0.27703.2047
MinimumVisualStudioVersion = 10.0.40219.1
Project("{FAE04EC0-301F-11D3-BF4B-00C04F79EFBC}") = "lands.Android", "lands\lands.Android\lands.Android.csproj", "{4D1983D0-686A-4C18-8E65-54361D4DD877}"
EndProject
Project("{FAE04EC0-301F-11D3-BF4B-00C04F79EFBC}") = "lands.iOS", "lands\lands.iOS\lands.iOS.csproj", "{1D791C4A-2771-4B07-9676-FB5E35735421}"
EndProject
Project("{FAE04EC0-301F-11D3-BF4B-00C04F79EFBC}") = "lands", "lands\lands\lands.csproj", "{07D08975-9225-4B7C-9F4F-85EE4392CB2A}"
EndProject
Global
	GlobalSection(SolutionConfigurationPlatforms) = preSolution
		Ad-Hoc|Any CPU = Ad-Hoc|Any CPU
		Ad-Hoc|iPhone = Ad-Hoc|iPhone
		Ad-Hoc|iPhoneSimulator = Ad-Hoc|iPhoneSimulator
		AppStore|Any CPU = AppStore|Any CPU
		AppStore|iPhone = AppStore|iPhone
		AppStore|iPhoneSimulator = AppStore|iPhoneSimulator
		Debug|Any CPU = Debug|Any CPU
		Debug|iPhone = Debug|iPhone
		Debug|iPhoneSimulator = Debug|iPhoneSimulator
		Release|Any CPU = Release|Any CPU
		Release|iPhone = Release|iPhone
		Release|iPhoneSimulator = Release|iPhoneSimulator
	EndGlobalSection
	GlobalSection(ProjectConfigurationPlatforms) = postSolution
		{4D1983D0-686A-4C18-8E65-54361D4DD877}.Ad-Hoc|Any CPU.ActiveCfg = Release|Any CPU
		{4D1983D0-686A-4C18-8E65-54361D4DD877}.Ad-Hoc|Any CPU.Build.0 = Release|Any CPU
		{4D1983D0-686A-4C18-8E65-54361D4DD877}.Ad-Hoc|Any CPU.Deploy.0 = Release|Any CPU
		{4D1983D0-686A-4C18-8E65-54361D4DD877}.Ad-Hoc|iPhone.ActiveCfg = Release|Any CPU
		{4D1983D0-686A-4C18-8E65-54361D4DD877}.Ad-Hoc|iPhone.Build.0 = Release|Any CPU
		{4D1983D0-686A-4C18-8E65-54361D4DD877}.Ad-Hoc|iPhone.Deploy.0 = Release|Any CPU
		{4D1983D0-686A-4C18-8E65-54361D4DD877}.Ad-Hoc|iPhoneSimulator.ActiveCfg = Release|Any CPU
		{4D1983D0-686A-4C18-8E65-54361D4DD877}.Ad-Hoc|iPhoneSimulator.Build.0 = Release|Any CPU
		{4D1983D0-686A-4C18-8E65-54361D4DD877}.Ad-Hoc|iPhoneSimulator.Deploy.0 = Release|Any CPU
		{4D1983D0-686A-4C18-8E65-54361D4DD877}.AppStore|Any CPU.ActiveCfg = Release|Any CPU
		{4D1983D0-686A-4C18-8E65-54361D4DD877}.AppStore|Any CPU.Build.0 = Release|Any CPU
		{4D1983D0-686A-4C18-8E65-54361D4DD877}.AppStore|Any CPU.Deploy.0 = Release|Any CPU
		{4D1983D0-686A-4C18-8E65-54361D4DD877}.AppStore|iPhone.ActiveCfg = Release|Any CPU
		{4D1983D0-686A-4C18-8E65-54361D4DD877}.AppStore|iPhone.Build.0 = Release|Any CPU
		{4D1983D0-686A-4C18-8E65-54361D4DD877}.AppStore|iPhone.Deploy.0 = Release|Any CPU
		{4D1983D0-686A-4C18-8E65-54361D4DD877}.AppStore|iPhoneSimulator.ActiveCfg = Release|Any CPU
		{4D1983D0-686A-4C18-8E65-54361D4DD877}.AppStore|iPhoneSimulator.Build.0 = Release|Any CPU
		{4D1983D0-686A-4C18-8E65-54361D4DD877}.AppStore|iPhoneSimulator.Deploy.0 = Release|Any CPU
		{4D1983D0-686A-4C18-8E65-54361D4DD877}.Debug|Any CPU.ActiveCfg = Debug|Any CPU
		{4D1983D0-686A-4C18-8E65-54361D4DD877}.Debug|Any CPU.Build.0 = Debug|Any CPU
		{4D1983D0-686A-4C18-8E65-54361D4DD877}.Debug|Any CPU.Deploy.0 = Debug|Any CPU
		{4D1983D0-686A-4C18-8E65-54361D4DD877}.Debug|iPhone.ActiveCfg = Debug|Any CPU
		{4D1983D0-686A-4C18-8E65-54361D4DD877}.Debug|iPhone.Build.0 = Debug|Any CPU
		{4D1983D0-686A-4C18-8E65-54361D4DD877}.Debug|iPhone.Deploy.0 = Debug|Any CPU
		{4D1983D0-686A-4C18-8E65-54361D4DD877}.Debug|iPhoneSimulator.ActiveCfg = Debug|Any CPU
		{4D1983D0-686A-4C18-8E65-54361D4DD877}.Debug|iPhoneSimulator.Build.0 = Debug|Any CPU
		{4D1983D0-686A-4C18-8E65-54361D4DD877}.Debug|iPhoneSimulator.Deploy.0 = Debug|Any CPU
		{4D1983D0-686A-4C18-8E65-54361D4DD877}.Release|Any CPU.ActiveCfg = Release|Any CPU
		{4D1983D0-686A-4C18-8E65-54361D4DD877}.Release|Any CPU.Build.0 = Release|Any CPU
		{4D1983D0-686A-4C18-8E65-54361D4DD877}.Release|Any CPU.Deploy.0 = Release|Any CPU
		{4D1983D0-686A-4C18-8E65-54361D4DD877}.Release|iPhone.ActiveCfg = Release|Any CPU
		{4D1983D0-686A-4C18-8E65-54361D4DD877}.Release|iPhone.Build.0 = Release|Any CPU
		{4D1983D0-686A-4C18-8E65-54361D4DD877}.Release|iPhone.Deploy.0 = Release|Any CPU
		{4D1983D0-686A-4C18-8E65-54361D4DD877}.Release|iPhoneSimulator.ActiveCfg = Release|Any CPU
		{4D1983D0-686A-4C18-8E65-54361D4DD877}.Release|iPhoneSimulator.Build.0 = Release|Any CPU
		{4D1983D0-686A-4C18-8E65-54361D4DD877}.Release|iPhoneSimulator.Deploy.0 = Release|Any CPU
		{1D791C4A-2771-4B07-9676-FB5E35735421}.Ad-Hoc|Any CPU.ActiveCfg = Ad-Hoc|iPhone
		{1D791C4A-2771-4B07-9676-FB5E35735421}.Ad-Hoc|Any CPU.Build.0 = Ad-Hoc|iPhone
		{1D791C4A-2771-4B07-9676-FB5E35735421}.Ad-Hoc|Any CPU.Deploy.0 = Ad-Hoc|iPhone
		{1D791C4A-2771-4B07-9676-FB5E35735421}.Ad-Hoc|iPhone.ActiveCfg = Ad-Hoc|iPhone
		{1D791C4A-2771-4B07-9676-FB5E35735421}.Ad-Hoc|iPhone.Build.0 = Ad-Hoc|iPhone
		{1D791C4A-2771-4B07-9676-FB5E35735421}.Ad-Hoc|iPhone.Deploy.0 = Ad-Hoc|iPhone
		{1D791C4A-2771-4B07-9676-FB5E35735421}.Ad-Hoc|iPhoneSimulator.ActiveCfg = Ad-Hoc|iPhoneSimulator
		{1D791C4A-2771-4B07-9676-FB5E35735421}.Ad-Hoc|iPhoneSimulator.Build.0 = Ad-Hoc|iPhoneSimulator
		{1D791C4A-2771-4B07-9676-FB5E35735421}.Ad-Hoc|iPhoneSimulator.Deploy.0 = Ad-Hoc|iPhoneSimulator
		{1D791C4A-2771-4B07-9676-FB5E35735421}.AppStore|Any CPU.ActiveCfg = AppStore|iPhone
		{1D791C4A-2771-4B07-9676-FB5E35735421}.AppStore|Any CPU.Build.0 = AppStore|iPhone
		{1D791C4A-2771-4B07-9676-FB5E35735421}.AppStore|Any CPU.Deploy.0 = AppStore|iPhone
		{1D791C4A-2771-4B07-9676-FB5E35735421}.AppStore|iPhone.ActiveCfg = AppStore|iPhone
		{1D791C4A-2771-4B07-9676-FB5E35735421}.AppStore|iPhone.Build.0 = AppStore|iPhone
		{1D791C4A-2771-4B07-9676-FB5E35735421}.AppStore|iPhone.Deploy.0 = AppStore|iPhone
		{1D791C4A-2771-4B07-9676-FB5E35735421}.AppStore|iPhoneSimulator.ActiveCfg = AppStore|iPhoneSimulator
		{1D791C4A-2771-4B07-9676-FB5E35735421}.AppStore|iPhoneSimulator.Build.0 = AppStore|iPhoneSimulator
		{1D791C4A-2771-4B07-9676-FB5E35735421}.AppStore|iPhoneSimulator.Deploy.0 = AppStore|iPhoneSimulator
		{1D791C4A-2771-4B07-9676-FB5E35735421}.Debug|Any CPU.ActiveCfg = Debug|iPhoneSimulator
		{1D791C4A-2771-4B07-9676-FB5E35735421}.Debug|Any CPU.Build.0 = Debug|iPhoneSimulator
		{1D791C4A-2771-4B07-9676-FB5E35735421}.Debug|Any CPU.Deploy.0 = Debug|iPhoneSimulator
		{1D791C4A-2771-4B07-9676-FB5E35735421}.Debug|iPhone.ActiveCfg = Debug|iPhone
		{1D791C4A-2771-4B07-9676-FB5E35735421}.Debug|iPhone.Build.0 = Debug|iPhone
		{1D791C4A-2771-4B07-9676-FB5E35735421}.Debug|iPhone.Deploy.0 = Debug|iPhone
		{1D791C4A-2771-4B07-9676-FB5E35735421}.Debug|iPhoneSimulator.ActiveCfg = Debug|iPhoneSimulator
		{1D791C4A-2771-4B07-9676-FB5E35735421}.Debug|iPhoneSimulator.Build.0 = Debug|iPhoneSimulator
		{1D791C4A-2771-4B07-9676-FB5E35735421}.Debug|iPhoneSimulator.Deploy.0 = Debug|iPhoneSimulator
		{1D791C4A-2771-4B07-9676-FB5E35735421}.Release|Any CPU.ActiveCfg = Release|iPhone
		{1D791C4A-2771-4B07-9676-FB5E35735421}.Release|Any CPU.Build.0 = Release|iPhone
		{1D791C4A-2771-4B07-9676-FB5E35735421}.Release|Any CPU.Deploy.0 = Release|iPhone
		{1D791C4A-2771-4B07-9676-FB5E35735421}.Release|iPhone.ActiveCfg = Release|iPhone
		{1D791C4A-2771-4B07-9676-FB5E35735421}.Release|iPhone.Build.0 = Release|iPhone
		{1D791C4A-2771-4B07-9676-FB5E35735421}.Release|iPhone.Deploy.0 = Release|iPhone
		{1D791C4A-2771-4B07-9676-FB5E35735421}.Release|iPhoneSimulator.ActiveCfg = Release|iPhoneSimulator
		{1D791C4A-2771-4B07-9676-FB5E35735421}.Release|iPhoneSimulator.Build.0 = Release|iPhoneSimulator
		{1D791C4A-2771-4B07-9676-FB5E35735421}.Release|iPhoneSimulator.Deploy.0 = Release|iPhoneSimulator
		{07D08975-9225-4B7C-9F4F-85EE4392CB2A}.Ad-Hoc|Any CPU.ActiveCfg = Debug|Any CPU
		{07D08975-9225-4B7C-9F4F-85EE4392CB2A}.Ad-Hoc|Any CPU.Build.0 = Debug|Any CPU
		{07D08975-9225-4B7C-9F4F-85EE4392CB2A}.Ad-Hoc|Any CPU.Deploy.0 = Debug|Any CPU
		{07D08975-9225-4B7C-9F4F-85EE4392CB2A}.Ad-Hoc|iPhone.ActiveCfg = Debug|Any CPU
		{07D08975-9225-4B7C-9F4F-85EE4392CB2A}.Ad-Hoc|iPhone.Build.0 = Debug|Any CPU
		{07D08975-9225-4B7C-9F4F-85EE4392CB2A}.Ad-Hoc|iPhone.Deploy.0 = Debug|Any CPU
		{07D08975-9225-4B7C-9F4F-85EE4392CB2A}.Ad-Hoc|iPhoneSimulator.ActiveCfg = Debug|Any CPU
		{07D08975-9225-4B7C-9F4F-85EE4392CB2A}.Ad-Hoc|iPhoneSimulator.Build.0 = Debug|Any CPU
		{07D08975-9225-4B7C-9F4F-85EE4392CB2A}.Ad-Hoc|iPhoneSimulator.Deploy.0 = Debug|Any CPU
		{07D08975-9225-4B7C-9F4F-85EE4392CB2A}.AppStore|Any CPU.ActiveCfg = Debug|Any CPU
		{07D08975-9225-4B7C-9F4F-85EE4392CB2A}.AppStore|Any CPU.Build.0 = Debug|Any CPU
		{07D08975-9225-4B7C-9F4F-85EE4392CB2A}.AppStore|Any CPU.Deploy.0 = Debug|Any CPU
		{07D08975-9225-4B7C-9F4F-85EE4392CB2A}.AppStore|iPhone.ActiveCfg = Debug|Any CPU
		{07D08975-9225-4B7C-9F4F-85EE4392CB2A}.AppStore|iPhone.Build.0 = Debug|Any CPU
		{07D08975-9225-4B7C-9F4F-85EE4392CB2A}.AppStore|iPhone.Deploy.0 = Debug|Any CPU
		{07D08975-9225-4B7C-9F4F-85EE4392CB2A}.AppStore|iPhoneSimulator.ActiveCfg = Debug|Any CPU
		{07D08975-9225-4B7C-9F4F-85EE4392CB2A}.AppStore|iPhoneSimulator.Build.0 = Debug|Any CPU
		{07D08975-9225-4B7C-9F4F-85EE4392CB2A}.AppStore|iPhoneSimulator.Deploy.0 = Debug|Any CPU
		{07D08975-9225-4B7C-9F4F-85EE4392CB2A}.Debug|Any CPU.ActiveCfg = Debug|Any CPU
		{07D08975-9225-4B7C-9F4F-85EE4392CB2A}.Debug|Any CPU.Build.0 = Debug|Any CPU
		{07D08975-9225-4B7C-9F4F-85EE4392CB2A}.Debug|Any CPU.Deploy.0 = Debug|Any CPU
		{07D08975-9225-4B7C-9F4F-85EE4392CB2A}.Debug|iPhone.ActiveCfg = Debug|Any CPU
		{07D08975-9225-4B7C-9F4F-85EE4392CB2A}.Debug|iPhone.Build.0 = Debug|Any CPU
		{07D08975-9225-4B7C-9F4F-85EE4392CB2A}.Debug|iPhone.Deploy.0 = Debug|Any CPU
		{07D08975-9225-4B7C-9F4F-85EE4392CB2A}.Debug|iPhoneSimulator.ActiveCfg = Debug|Any CPU
		{07D08975-9225-4B7C-9F4F-85EE4392CB2A}.Debug|iPhoneSimulator.Build.0 = Debug|Any CPU
		{07D08975-9225-4B7C-9F4F-85EE4392CB2A}.Debug|iPhoneSimulator.Deploy.0 = Debug|Any CPU
		{07D08975-9225-4B7C-9F4F-85EE4392CB2A}.Release|Any CPU.ActiveCfg = Release|Any CPU
		{07D08975-9225-4B7C-9F4F-85EE4392CB2A}.Release|Any CPU.Build.0 = Release|Any CPU
		{07D08975-9225-4B7C-9F4F-85EE4392CB2A}.Release|Any CPU.Deploy.0 = Release|Any CPU
		{07D08975-9225-4B7C-9F4F-85EE4392CB2A}.Release|iPhone.ActiveCfg = Release|Any CPU
		{07D08975-9225-4B7C-9F4F-85EE4392CB2A}.Release|iPhone.Build.0 = Release|Any CPU
		{07D08975-9225-4B7C-9F4F-85EE4392CB2A}.Release|iPhone.Deploy.0 = Release|Any CPU
		{07D08975-9225-4B7C-9F4F-85EE4392CB2A}.Release|iPhoneSimulator.ActiveCfg = Release|Any CPU
		{07D08975-9225-4B7C-9F4F-85EE4392CB2A}.Release|iPhoneSimulator.Build.0 = Release|Any CPU
		{07D08975-9225-4B7C-9F4F-85EE4392CB2A}.Release|iPhoneSimulator.Deploy.0 = Release|Any CPU
	EndGlobalSection
	GlobalSection(SolutionProperties) = preSolution
		HideSolutionNode = FALSE
	EndGlobalSection
	GlobalSection(ExtensibilityGlobals) = postSolution
		SolutionGuid = {A51DEC3E-4743-4F17-A9AA-7CEABD9A8260}
	EndGlobalSection
EndGlobal
